# @generated - this file is auto-generated by `mise lock` https://mise.jdx.dev/dev-tools/mise-lock.html

lockfile_version = 2

[[tools.awscli]]
version = "2.36.46"
backend = "aqua:aws/aws-cli"
specifiers = ["2.36.46"]

[tools.awscli."platforms.linux-arm64"]
url = "https://awscli.amazonaws.com/awscli-exe-linux-aarch64-2.36.46.zip"

[tools.awscli."platforms.linux-x64"]
url = "https://awscli.amazonaws.com/awscli-exe-linux-x86_64-2.36.46.zip"

[tools.awscli."platforms.macos-arm64"]
checksum = "blake3:64a99ac0aa52ae580b92cdbf2c22568ae596f0e0d2af036d4ba8a4dee6319e26"
url = "https://awscli.amazonaws.com/AWSCLIV2-2.36.46.pkg"

[[tools.cargo-lambda]]
version = "1.9.2"
backend = "github:cargo-lambda/cargo-lambda"
specifiers = ["1.9.2"]

[tools.cargo-lambda.options]
matching = "cargo-lambda-v"

[tools.cargo-lambda."platforms.linux-arm64"]
checksum = "sha256:c3fd0a352bb439e4e84a09e5361ea333f7cdc58b0894105e93a33c43b867bc2d"
url = "https://github.com/cargo-lambda/cargo-lambda/releases/download/v1.9.2/cargo-lambda-v1.9.2.aarch64-unknown-linux-musl.tar.gz"
url_api = "https://api.github.com/repos/cargo-lambda/cargo-lambda/releases/assets/524297645"

[tools.cargo-lambda."platforms.linux-x64"]
checksum = "sha256:b5c258c424ebaef39541c3641f33c51137ee6c426016f365628fedb2c737271d"
url = "https://github.com/cargo-lambda/cargo-lambda/releases/download/v1.9.2/cargo-lambda-v1.9.2.x86_64-unknown-linux-musl.tar.gz"
url_api = "https://api.github.com/repos/cargo-lambda/cargo-lambda/releases/assets/524297578"

[tools.cargo-lambda."platforms.macos-arm64"]
checksum = "sha256:6c3eac6957c2acdc0bcded6451ccecf6083f116e71d0f7f2b525866e3bcc1083"
url = "https://github.com/cargo-lambda/cargo-lambda/releases/download/v1.9.2/cargo-lambda-v1.9.2.aarch64-apple-darwin.tar.gz"
url_api = "https://api.github.com/repos/cargo-lambda/cargo-lambda/releases/assets/524297661"

[[tools.node]]
version = "24.21.0"
backend = "core:node"
specifiers = ["24.21.0"]

[tools.node."platforms.linux-arm64"]
checksum = "sha256:724282c3b43aec998aa9527380465b45d229e021b58035f5f4f63095eabfe5d5"
url = "https://nodejs.org/dist/v24.21.0/node-v24.21.0-linux-arm64.tar.gz"

[tools.node."platforms.linux-x64"]
checksum = "sha256:6e1db87ef58b8819e5d5402eff1536491b18edd8eb7bee5ef7897876e88dc5ff"
url = "https://nodejs.org/dist/v24.21.0/node-v24.21.0-linux-x64.tar.gz"

[tools.node."platforms.macos-arm64"]
checksum = "sha256:bed7eea5325e1108f32ce5228ddd6a5f0f08a499ee42aa7442aea583702f6057"
url = "https://nodejs.org/dist/v24.21.0/node-v24.21.0-darwin-arm64.tar.gz"

[[tools.pnpm]]
version = "10.6.5"
aube = { path = ".mise/locks/pnpm/10.6.5", digest = "sha256:ea03195ae2cd0203cfa0cd90eb5a9235b815361a1a47e83e09e0cba03fbf19d7" }
backend = "npm:pnpm"
specifiers = ["10.6.5"]

[[tools.terraform]]
version = "1.16.2"
backend = "aqua:hashicorp/terraform"
specifiers = ["1.16.2"]

[tools.terraform."platforms.linux-arm64"]
checksum = "sha256:c040bd1e3122b4290f70f74288d8c5a54ddd4254a3e52a29e7cc666653f50a0a"
url = "https://releases.hashicorp.com/terraform/1.16.2/terraform_1.16.2_linux_arm64.zip"

[tools.terraform."platforms.linux-x64"]
checksum = "sha256:0d17011f0c4664539b164b044903d04e296c86c13cb9f28040076c65cfb3985a"
url = "https://releases.hashicorp.com/terraform/1.16.2/terraform_1.16.2_linux_amd64.zip"

[tools.terraform."platforms.macos-arm64"]
checksum = "sha256:7c0a0b31c8aa541351369bcf7b62a7289fbc21de7e577669aeba6d42f4e6cc41"
url = "https://releases.hashicorp.com/terraform/1.16.2/terraform_1.16.2_darwin_arm64.zip"

[[tools.zig]]
version = "0.16.0"
backend = "core:zig"
specifiers = ["0.16.0"]

[tools.zig."platforms.linux-arm64"]
checksum = "sha256:ea4b09bfb22ec6f6c6ceac57ab63efb6b46e17ab08d21f69f3a48b38e1534f17"
url = "https://ziglang.org/download/0.16.0/zig-aarch64-linux-0.16.0.tar.xz"

[tools.zig."platforms.linux-x64"]
checksum = "sha256:70e49664a74374b48b51e6f3fdfbf437f6395d42509050588bd49abe52ba3d00"
url = "https://ziglang.org/download/0.16.0/zig-x86_64-linux-0.16.0.tar.xz"

[tools.zig."platforms.macos-arm64"]
checksum = "sha256:b23d70deaa879b5c2d486ed3316f7eaa53e84acf6fc9cc747de152450d401489"
url = "https://ziglang.org/download/0.16.0/zig-aarch64-macos-0.16.0.tar.xz"
provenance = "minisign"
